
Microsoft Visual Studio Solution File, Format Version 12.00
# Visual Studio 14
VisualStudioVersion = 14.0.25420.1
MinimumVisualStudioVersion = 10.0.40219.1
Project("{FAE04EC0-301F-11D3-BF4B-00C04F79EFBC}") = "BlockChain.Test", "BlockChain.Test\BlockChain.Test.csproj", "{1095C749-C6E6-4978-BEB9-C111C44DA1DA}"
EndProject
Project("{FAE04EC0-301F-11D3-BF4B-00C04F79EFBC}") = "BlockChain.WPF", "BlockChain.WPF\BlockChain.WPF.csproj", "{5ABDFBE4-C146-416B-A21C-A1150E161F4B}"
EndProject
Project("{FAE04EC0-301F-11D3-BF4B-00C04F79EFBC}") = "BlockChain", "BlockChain\BlockChain.csproj", "{A82A7278-B551-4039-9AA0-CF5FB3BDCC05}"
EndProject
Global
	GlobalSection(SolutionConfigurationPlatforms) = preSolution
		Debug|Any CPU = Debug|Any CPU
		Release|Any CPU = Release|Any CPU
	EndGlobalSection
	GlobalSection(ProjectConfigurationPlatforms) = postSolution
		{1095C749-C6E6-4978-BEB9-C111C44DA1DA}.Debug|Any CPU.ActiveCfg = Debug|Any CPU
		{1095C749-C6E6-4978-BEB9-C111C44DA1DA}.Debug|Any CPU.Build.0 = Debug|Any CPU
		{1095C749-C6E6-4978-BEB9-C111C44DA1DA}.Release|Any CPU.ActiveCfg = Release|Any CPU
		{1095C749-C6E6-4978-BEB9-C111C44DA1DA}.Release|Any CPU.Build.0 = Release|Any CPU
		{5ABDFBE4-C146-416B-A21C-A1150E161F4B}.Debug|Any CPU.ActiveCfg = Debug|Any CPU
		{5ABDFBE4-C146-416B-A21C-A1150E161F4B}.Debug|Any CPU.Build.0 = Debug|Any CPU
		{5ABDFBE4-C146-416B-A21C-A1150E161F4B}.Release|Any CPU.ActiveCfg = Release|Any CPU
		{5ABDFBE4-C146-416B-A21C-A1150E161F4B}.Release|Any CPU.Build.0 = Release|Any CPU
		{A82A7278-B551-4039-9AA0-CF5FB3BDCC05}.Debug|Any CPU.ActiveCfg = Debug|Any CPU
		{A82A7278-B551-4039-9AA0-CF5FB3BDCC05}.Debug|Any CPU.Build.0 = Debug|Any CPU
		{A82A7278-B551-4039-9AA0-CF5FB3BDCC05}.Release|Any CPU.ActiveCfg = Release|Any CPU
		{A82A7278-B551-4039-9AA0-CF5FB3BDCC05}.Release|Any CPU.Build.0 = Release|Any CPU
	EndGlobalSection
	GlobalSection(SolutionProperties) = preSolution
		HideSolutionNode = FALSE
	EndGlobalSection
EndGlobal
